<?xml version="1.0" encoding="utf-8"?>
<Project ToolsVersion="4.0" xmlns="http://schemas.microsoft.com/developer/msbuild/2003">
  <ItemGroup>
    <Filter Include="Source Files">
      <UniqueIdentifier>{4FC737F1-C7A5-4376-A066-2A32D752A2FF}</UniqueIdentifier>
      <Extensions>cpp;c;cc;cxx;def;odl;idl;hpj;bat;asm;asmx</Extensions>
    </Filter>
    <Filter Include="Header Files">
      <UniqueIdentifier>{93995380-89BD-4b04-88EB-625FBE52EBFB}</UniqueIdentifier>
      <Extensions>h;hpp;hxx;hm;inl;inc;xsd</Extensions>
    </Filter>
    <Filter Include="Resource Files">
      <UniqueIdentifier>{67DA6AB6-F800-4c08-8B7A-83BB121AAD01}</UniqueIdentifier>
      <Extensions>rc;ico;cur;bmp;dlg;rc2;rct;bin;rgs;gif;jpg;jpeg;jpe;resx;tiff;tif;png;wav;mfcribbon-ms</Extensions>
    </Filter>
  </ItemGroup>
  <ItemGroup>
    <ClInclude Include="FunctionFile.h">
      <Filter>Header Files</Filter>
    </ClInclude>
    <ClInclude Include="BaseObject.h">
      <Filter>Header Files</Filter>
    </ClInclude>
    <ClInclude Include="GameMap.h">
      <Filter>Header Files</Filter>
    </ClInclude>
    <ClInclude Include="ImpTimer.h">
      <Filter>Header Files</Filter>
    </ClInclude>
    <ClInclude Include="BulletObject.h">
      <Filter>Header Files</Filter>
    </ClInclude>
    <ClInclude Include="EffectObject.h">
      <Filter>Header Files</Filter>
    </ClInclude>
    <ClInclude Include="PlayerPower.h">
      <Filter>Header Files</Filter>
    </ClInclude>
    <ClInclude Include="TextObject.h">
      <Filter>Header Files</Filter>
    </ClInclude>
    <ClInclude Include="Geomitric.h">
      <Filter>Header Files</Filter>
    </ClInclude>
    <ClInclude Include="MenuObject.h">
      <Filter>Header Files</Filter>
    </ClInclude>
    <ClInclude Include="GuardThreat.h">
      <Filter>Header Files</Filter>
    </ClInclude>
    <ClInclude Include="AerialThreat.h">
      <Filter>Header Files</Filter>
    </ClInclude>
    <ClInclude Include="StaticThreat.h">
      <Filter>Header Files</Filter>
    </ClInclude>
    <ClInclude Include="DinoThreat.h">
      <Filter>Header Files</Filter>
    </ClInclude>
    <ClInclude Include="ChasingRocket.h">
      <Filter>Header Files</Filter>
    </ClInclude>
    <ClInclude Include="FireRain.h">
      <Filter>Header Files</Filter>
    </ClInclude>
    <ClInclude Include="RocketWardenBoss.h">
      <Filter>Header Files</Filter>
    </ClInclude>
    <ClInclude Include="RockTitanBoss.h">
      <Filter>Header Files</Filter>
    </ClInclude>
    <ClInclude Include="DestructionTankBoss.h">
      <Filter>Header Files</Filter>
    </ClInclude>
    <ClInclude Include="DeathEyeBoss.h">
      <Filter>Header Files</Filter>
    </ClInclude>
    <ClInclude Include="BossPower.h">
      <Filter>Header Files</Filter>
    </ClInclude>
    <ClInclude Include="PlayerObject.h">
      <Filter>Header Files</Filter>
    </ClInclude>
    <ClInclude Include="resource.h">
      <Filter>Header Files</Filter>
    </ClInclude>
  </ItemGroup>
  <ItemGroup>
    <ClCompile Include="main.cpp">
      <Filter>Source Files</Filter>
    </ClCompile>
    <ClCompile Include="FunctionFile.cpp">
      <Filter>Source Files</Filter>
    </ClCompile>
    <ClCompile Include="BaseObject.cpp">
      <Filter>Source Files</Filter>
    </ClCompile>
    <ClCompile Include="GameMap.cpp">
      <Filter>Source Files</Filter>
    </ClCompile>
    <ClCompile Include="ImpTimer.cpp">
      <Filter>Source Files</Filter>
    </ClCompile>
    <ClCompile Include="BulletObject.cpp">
      <Filter>Source Files</Filter>
    </ClCompile>
    <ClCompile Include="EffectObject.cpp">
      <Filter>Source Files</Filter>
    </ClCompile>
    <ClCompile Include="PlayerPower.cpp">
      <Filter>Source Files</Filter>
    </ClCompile>
    <ClCompile Include="TextObject.cpp">
      <Filter>Source Files</Filter>
    </ClCompile>
    <ClCompile Include="Geomitric.cpp">
      <Filter>Source Files</Filter>
    </ClCompile>
    <ClCompile Include="MenuObject.cpp">
      <Filter>Source Files</Filter>
    </ClCompile>
    <ClCompile Include="GuardThreat.cpp">
      <Filter>Source Files</Filter>
    </ClCompile>
    <ClCompile Include="AerialThreat.cpp">
      <Filter>Source Files</Filter>
    </ClCompile>
    <ClCompile Include="StaticThreat.cpp">
      <Filter>Source Files</Filter>
    </ClCompile>
    <ClCompile Include="DinoThreat.cpp">
      <Filter>Source Files</Filter>
    </ClCompile>
    <ClCompile Include="ChasingRocket.cpp">
      <Filter>Source Files</Filter>
    </ClCompile>
    <ClCompile Include="FireRain.cpp">
      <Filter>Source Files</Filter>
    </ClCompile>
    <ClCompile Include="RocketWardenBoss.cpp">
      <Filter>Source Files</Filter>
    </ClCompile>
    <ClCompile Include="RockTitanBoss.cpp">
      <Filter>Source Files</Filter>
    </ClCompile>
    <ClCompile Include="DestructionTankBoss.cpp">
      <Filter>Source Files</Filter>
    </ClCompile>
    <ClCompile Include="DeathEyeBoss.cpp">
      <Filter>Source Files</Filter>
    </ClCompile>
    <ClCompile Include="BossPower.cpp">
      <Filter>Source Files</Filter>
    </ClCompile>
    <ClCompile Include="PlayerObject.cpp">
      <Filter>Source Files</Filter>
    </ClCompile>
  </ItemGroup>
  <ItemGroup>
    <ResourceCompile Include="GAME SDL2 DEMO.rc">
      <Filter>Resource Files</Filter>
    </ResourceCompile>
  </ItemGroup>
  <ItemGroup>
    <Image Include="gameicon.ico">
      <Filter>Resource Files</Filter>
    </Image>
  </ItemGroup>
</Project>